
Microsoft Visual Studio Solution File, Format Version 12.00
# Visual Studio Version 17
VisualStudioVersion = 17.14.36518.9 d17.14
MinimumVisualStudioVersion = 10.0.40219.1
Project("{FAE04EC0-301F-11D3-BF4B-00C04F79EFBC}") = "DESAFIO_2_PED", "DESAFIO_2_PED.csproj", "{CADBEB22-C896-45D7-A229-473CB791E9FA}"
EndProject
Global
	GlobalSection(SolutionConfigurationPlatforms) = preSolution
		Debug|Any CPU = Debug|Any CPU
		Release|Any CPU = Release|Any CPU
	EndGlobalSection
	GlobalSection(ProjectConfigurationPlatforms) = postSolution
		{CADBEB22-C896-45D7-A229-473CB791E9FA}.Debug|Any CPU.ActiveCfg = Debug|Any CPU
		{CADBEB22-C896-45D7-A229-473CB791E9FA}.Debug|Any CPU.Build.0 = Debug|Any CPU
		{CADBEB22-C896-45D7-A229-473CB791E9FA}.Release|Any CPU.ActiveCfg = Release|Any CPU
		{CADBEB22-C896-45D7-A229-473CB791E9FA}.Release|Any CPU.Build.0 = Release|Any CPU
	EndGlobalSection
	GlobalSection(SolutionProperties) = preSolution
		HideSolutionNode = FALSE
	EndGlobalSection
	GlobalSection(ExtensibilityGlobals) = postSolution
		SolutionGuid = {734CABE7-421F-4095-BDD1-3B6126FE7ADE}
	EndGlobalSection
EndGlobal
