Microsoft Visual Studio Solution File, Format Version 12.00
# Visual Studio Version 17
VisualStudioVersion = 17.0.31912.275
MinimumVisualStudioVersion = 10.0.40219.1
Project("{FAE04EC0-301F-11D3-BF4B-00C04F79EFBC}") = "ShopSmart.Core", "ShopSmart.Core\ShopSmart.Core.csproj", "{46661416-E6C3-4E08-BE2E-3A7185A63FF5}"
EndProject
Project("{FAE04EC0-301F-11D3-BF4B-00C04F79EFBC}") = "ShopSmart.Data", "ShopSmart.Data\ShopSmart.Data.csproj", "{27E41A41-4AF5-48CA-A58F-A5496AC7E44A}"
EndProject
Project("{FAE04EC0-301F-11D3-BF4B-00C04F79EFBC}") = "ShopSmart.UI", "ShopSmart.UI\ShopSmart.UI.csproj", "{A1FC548A-4956-4FB4-9994-1AE211F51438}"
EndProject
Global
GlobalSection(SolutionConfigurationPlatforms) = preSolution
Debug|Any CPU = Debug|Any CPU
Release|Any CPU = Release|Any CPU
EndGlobalSection
GlobalSection(ProjectConfigurationPlatforms) = postSolution
{46661416-E6C3-4E08-BE2E-3A7185A63FF5}.Debug|Any CPU.ActiveCfg = Debug|Any CPU
{46661416-E6C3-4E08-BE2E-3A7185A63FF5}.Debug|Any CPU.Build.0 = Debug|Any CPU
{46661416-E6C3-4E08-BE2E-3A7185A63FF5}.Release|Any CPU.ActiveCfg = Release|Any CPU
{46661416-E6C3-4E08-BE2E-3A7185A63FF5}.Release|Any CPU.Build.0 = Release|Any CPU
{27E41A41-4AF5-48CA-A58F-A5496AC7E44A}.Debug|Any CPU.ActiveCfg = Debug|Any CPU
{27E41A41-4AF5-48CA-A58F-A5496AC7E44A}.Debug|Any CPU.Build.0 = Debug|Any CPU
{27E41A41-4AF5-48CA-A58F-A5496AC7E44A}.Release|Any CPU.ActiveCfg = Release|Any CPU
{27E41A41-4AF5-48CA-A58F-A5496AC7E44A}.Release|Any CPU.Build.0 = Release|Any CPU
{A1FC548A-4956-4FB4-9994-1AE211F51438}.Debug|Any CPU.ActiveCfg = Debug|Any CPU
{A1FC548A-4956-4FB4-9994-1AE211F51438}.Debug|Any CPU.Build.0 = Debug|Any CPU
{A1FC548A-4956-4FB4-9994-1AE211F51438}.Release|Any CPU.ActiveCfg = Release|Any CPU
{A1FC548A-4956-4FB4-9994-1AE211F51438}.Release|Any CPU.Build.0 = Release|Any CPU
EndGlobalSection
GlobalSection(SolutionProperties) = preSolution
HideSolutionNode = FALSE
EndGlobalSection
GlobalSection(ExtensibilityGlobals) = postSolution
SolutionGuid = {26E7BFC2-6B7E-4270-8C91-0D1B4521E0A4}
EndGlobalSection
EndGlobal
